
Microsoft Visual Studio Solution File, Format Version 12.00
# Visual Studio 15
VisualStudioVersion = 15.0.27130.2027
MinimumVisualStudioVersion = 10.0.40219.1
Project("{2150E333-8FDC-42A3-9474-1A3956D46DE8}") = "Solution Items", "Solution Items", "{D9FB98C0-760C-4248-BAA5-DACDCF0083EA}"
	ProjectSection(SolutionItems) = preProject
		.tfignore = .tfignore
		Readme.txt = Readme.txt
		TestSettings1.testsettings = TestSettings1.testsettings
	EndProjectSection
EndProject
Project("{FAE04EC0-301F-11D3-BF4B-00C04F79EFBC}") = "TestScenarios", "TestScenarios\TestScenarios.csproj", "{E29008C9-4E37-44EA-A6CA-72F6C14F2D24}"
EndProject
Project("{FAE04EC0-301F-11D3-BF4B-00C04F79EFBC}") = "ObjectRepository", "ObjectRepository\ObjectRepository.csproj", "{F1E6AAA9-22FB-45F0-8C18-919D76A1B078}"
EndProject
Project("{FAE04EC0-301F-11D3-BF4B-00C04F79EFBC}") = "FrameworkHelper", "FrameworkHelper\FrameworkHelper.csproj", "{1E2960D1-4A61-47B7-B41C-0ECC24A2D11F}"
EndProject
Project("{FAE04EC0-301F-11D3-BF4B-00C04F79EFBC}") = "RegressionSuite", "RegressionSuite\RegressionSuite.csproj", "{32E08DA6-4E3B-47FE-BE5C-F1BC8E4A4B94}"
EndProject
Global
	GlobalSection(SolutionConfigurationPlatforms) = preSolution
		Debug|Any CPU = Debug|Any CPU
		Release|Any CPU = Release|Any CPU
	EndGlobalSection
	GlobalSection(ProjectConfigurationPlatforms) = postSolution
		{E29008C9-4E37-44EA-A6CA-72F6C14F2D24}.Debug|Any CPU.ActiveCfg = Debug|Any CPU
		{E29008C9-4E37-44EA-A6CA-72F6C14F2D24}.Debug|Any CPU.Build.0 = Debug|Any CPU
		{E29008C9-4E37-44EA-A6CA-72F6C14F2D24}.Release|Any CPU.ActiveCfg = Release|Any CPU
		{E29008C9-4E37-44EA-A6CA-72F6C14F2D24}.Release|Any CPU.Build.0 = Release|Any CPU
		{F1E6AAA9-22FB-45F0-8C18-919D76A1B078}.Debug|Any CPU.ActiveCfg = Debug|Any CPU
		{F1E6AAA9-22FB-45F0-8C18-919D76A1B078}.Debug|Any CPU.Build.0 = Debug|Any CPU
		{F1E6AAA9-22FB-45F0-8C18-919D76A1B078}.Release|Any CPU.ActiveCfg = Release|Any CPU
		{F1E6AAA9-22FB-45F0-8C18-919D76A1B078}.Release|Any CPU.Build.0 = Release|Any CPU
		{1E2960D1-4A61-47B7-B41C-0ECC24A2D11F}.Debug|Any CPU.ActiveCfg = Debug|Any CPU
		{1E2960D1-4A61-47B7-B41C-0ECC24A2D11F}.Debug|Any CPU.Build.0 = Debug|Any CPU
		{1E2960D1-4A61-47B7-B41C-0ECC24A2D11F}.Release|Any CPU.ActiveCfg = Release|Any CPU
		{1E2960D1-4A61-47B7-B41C-0ECC24A2D11F}.Release|Any CPU.Build.0 = Release|Any CPU
		{32E08DA6-4E3B-47FE-BE5C-F1BC8E4A4B94}.Debug|Any CPU.ActiveCfg = Debug|Any CPU
		{32E08DA6-4E3B-47FE-BE5C-F1BC8E4A4B94}.Debug|Any CPU.Build.0 = Debug|Any CPU
		{32E08DA6-4E3B-47FE-BE5C-F1BC8E4A4B94}.Release|Any CPU.ActiveCfg = Release|Any CPU
		{32E08DA6-4E3B-47FE-BE5C-F1BC8E4A4B94}.Release|Any CPU.Build.0 = Release|Any CPU
	EndGlobalSection
	GlobalSection(SolutionProperties) = preSolution
		HideSolutionNode = FALSE
	EndGlobalSection
	GlobalSection(ExtensibilityGlobals) = postSolution
		SolutionGuid = {57DFDEC6-C360-4848-B057-CAA6CC11E012}
	EndGlobalSection
	GlobalSection(TeamFoundationVersionControl) = preSolution
		SccNumberOfProjects = 5
		SccEnterpriseProvider = {4CA58AB2-18FA-4F8D-95D4-32DDF27D184C}
		SccTeamFoundationServer = http://atltfs01:8080/tfs/bxg01
		SccLocalPath0 = .
		SccProjectUniqueName1 = TestScenarios\\TestScenarios.csproj
		SccProjectName1 = TestScenarios
		SccLocalPath1 = TestScenarios
		SccProjectUniqueName2 = ObjectRepository\\ObjectRepository.csproj
		SccProjectName2 = ObjectRepository
		SccLocalPath2 = ObjectRepository
		SccProjectUniqueName3 = FrameworkHelper\\FrameworkHelper.csproj
		SccProjectName3 = FrameworkHelper
		SccLocalPath3 = FrameworkHelper
		SccProjectUniqueName4 = RegressionSuite\\RegressionSuite.csproj
		SccProjectName4 = RegressionSuite
		SccLocalPath4 = RegressionSuite
	EndGlobalSection
EndGlobal
